
Microsoft Visual Studio Solution File, Format Version 12.00
# Visual Studio Version 17
VisualStudioVersion = 17.7.34018.315
MinimumVisualStudioVersion = 10.0.40219.1
Project("{FAE04EC0-301F-11D3-BF4B-00C04F79EFBC}") = "SuperHeroesApp", "SuperHeroesApp.csproj", "{DF65DF82-EBEA-4A23-8EAE-2A2BE3199729}"
EndProject
Global
	GlobalSection(SolutionConfigurationPlatforms) = preSolution
		Debug|Any CPU = Debug|Any CPU
		Release|Any CPU = Release|Any CPU
	EndGlobalSection
	GlobalSection(ProjectConfigurationPlatforms) = postSolution
		{DF65DF82-EBEA-4A23-8EAE-2A2BE3199729}.Debug|Any CPU.ActiveCfg = Debug|Any CPU
		{DF65DF82-EBEA-4A23-8EAE-2A2BE3199729}.Debug|Any CPU.Build.0 = Debug|Any CPU
		{DF65DF82-EBEA-4A23-8EAE-2A2BE3199729}.Release|Any CPU.ActiveCfg = Release|Any CPU
		{DF65DF82-EBEA-4A23-8EAE-2A2BE3199729}.Release|Any CPU.Build.0 = Release|Any CPU
	EndGlobalSection
	GlobalSection(SolutionProperties) = preSolution
		HideSolutionNode = FALSE
	EndGlobalSection
	GlobalSection(ExtensibilityGlobals) = postSolution
		SolutionGuid = {E0E9CA86-46D7-4A8E-B9D0-2F1B038BA96B}
	EndGlobalSection
EndGlobal
